// !$*UTF8*$!
{
	archiveVersion = 1;
	classes = {
	};
	objectVersion = 56;
	objects = {

/* Begin PBXBuildFile section */
		7F27073B2C8A294A00AD0F03 /* TasksView.swift in Sources */ = {isa = PBXBuildFile; fileRef = 7F27073A2C8A294A00AD0F03 /* TasksView.swift */; };
		7F27073D2C8A297000AD0F03 /* TasksHeader.swift in Sources */ = {isa = PBXBuildFile; fileRef = 7F27073C2C8A297000AD0F03 /* TasksHeader.swift */; };
		7F2707442C8A867500AD0F03 /* ProgressView.swift in Sources */ = {isa = PBXBuildFile; fileRef = 7F2707432C8A867500AD0F03 /* ProgressView.swift */; };
		7F2707462C8A868D00AD0F03 /* ProfileView.swift in Sources */ = {isa = PBXBuildFile; fileRef = 7F2707452C8A868D00AD0F03 /* ProfileView.swift */; };
		7F27074C2C8D606300AD0F03 /* AddTaskButton.swift in Sources */ = {isa = PBXBuildFile; fileRef = 7F27074B2C8D606300AD0F03 /* AddTaskButton.swift */; };
		7F27074E2C8D627C00AD0F03 /* StressCheckView.swift in Sources */ = {isa = PBXBuildFile; fileRef = 7F27074D2C8D627C00AD0F03 /* StressCheckView.swift */; };
		7F2958562C70DF1B00DB0FA7 /* TaskMasterApp.swift in Sources */ = {isa = PBXBuildFile; fileRef = 7F2958552C70DF1B00DB0FA7 /* TaskMasterApp.swift */; };
		7F2958582C70DF1B00DB0FA7 /* ContentView.swift in Sources */ = {isa = PBXBuildFile; fileRef = 7F2958572C70DF1B00DB0FA7 /* ContentView.swift */; };
		7F29585A2C70DF1C00DB0FA7 /* Assets.xcassets in Resources */ = {isa = PBXBuildFile; fileRef = 7F2958592C70DF1C00DB0FA7 /* Assets.xcassets */; };
		7F29585E2C70DF1C00DB0FA7 /* Preview Assets.xcassets in Resources */ = {isa = PBXBuildFile; fileRef = 7F29585D2C70DF1C00DB0FA7 /* Preview Assets.xcassets */; };
		7F2958682C70DF1C00DB0FA7 /* TaskMasterTests.swift in Sources */ = {isa = PBXBuildFile; fileRef = 7F2958672C70DF1C00DB0FA7 /* TaskMasterTests.swift */; };
		7F2958722C70DF1C00DB0FA7 /* TaskMasterUITests.swift in Sources */ = {isa = PBXBuildFile; fileRef = 7F2958712C70DF1C00DB0FA7 /* TaskMasterUITests.swift */; };
		7F2958742C70DF1C00DB0FA7 /* TaskMasterUITestsLaunchTests.swift in Sources */ = {isa = PBXBuildFile; fileRef = 7F2958732C70DF1C00DB0FA7 /* TaskMasterUITestsLaunchTests.swift */; };
		7F3FB2192C87E50100A6ED0C /* TabBar.swift in Sources */ = {isa = PBXBuildFile; fileRef = 7F3FB2182C87E50100A6ED0C /* TabBar.swift */; };
		7F3FB21B2C8A17AE00A6ED0C /* Header.swift in Sources */ = {isa = PBXBuildFile; fileRef = 7F3FB21A2C8A17AE00A6ED0C /* Header.swift */; };
/* End PBXBuildFile section */

/* Begin PBXContainerItemProxy section */
		7F2958642C70DF1C00DB0FA7 /* PBXContainerItemProxy */ = {
			isa = PBXContainerItemProxy;
			containerPortal = 7F29584A2C70DF1B00DB0FA7 /* Project object */;
			proxyType = 1;
			remoteGlobalIDString = 7F2958512C70DF1B00DB0FA7;
			remoteInfo = TaskMaster;
		};
		7F29586E2C70DF1C00DB0FA7 /* PBXContainerItemProxy */ = {
			isa = PBXContainerItemProxy;
			containerPortal = 7F29584A2C70DF1B00DB0FA7 /* Project object */;
			proxyType = 1;
			remoteGlobalIDString = 7F2958512C70DF1B00DB0FA7;
			remoteInfo = TaskMaster;
		};
/* End PBXContainerItemProxy section */

/* Begin PBXFileReference section */
		7F27073A2C8A294A00AD0F03 /* TasksView.swift */ = {isa = PBXFileReference; lastKnownFileType = sourcecode.swift; path = TasksView.swift; sourceTree = "<group>"; };
		7F27073C2C8A297000AD0F03 /* TasksHeader.swift */ = {isa = PBXFileReference; lastKnownFileType = sourcecode.swift; path = TasksHeader.swift; sourceTree = "<group>"; };
		7F2707432C8A867500AD0F03 /* ProgressView.swift */ = {isa = PBXFileReference; lastKnownFileType = sourcecode.swift; path = ProgressView.swift; sourceTree = "<group>"; };
		7F2707452C8A868D00AD0F03 /* ProfileView.swift */ = {isa = PBXFileReference; lastKnownFileType = sourcecode.swift; path = ProfileView.swift; sourceTree = "<group>"; };
		7F27074B2C8D606300AD0F03 /* AddTaskButton.swift */ = {isa = PBXFileReference; lastKnownFileType = sourcecode.swift; path = AddTaskButton.swift; sourceTree = "<group>"; };
		7F27074D2C8D627C00AD0F03 /* StressCheckView.swift */ = {isa = PBXFileReference; lastKnownFileType = sourcecode.swift; path = StressCheckView.swift; sourceTree = "<group>"; };
		7F2958522C70DF1B00DB0FA7 /* TaskMaster.app */ = {isa = PBXFileReference; explicitFileType = wrapper.application; includeInIndex = 0; path = TaskMaster.app; sourceTree = BUILT_PRODUCTS_DIR; };
		7F2958552C70DF1B00DB0FA7 /* TaskMasterApp.swift */ = {isa = PBXFileReference; lastKnownFileType = sourcecode.swift; path = TaskMasterApp.swift; sourceTree = "<group>"; };
		7F2958572C70DF1B00DB0FA7 /* ContentView.swift */ = {isa = PBXFileReference; lastKnownFileType = sourcecode.swift; path = ContentView.swift; sourceTree = "<group>"; };
		7F2958592C70DF1C00DB0FA7 /* Assets.xcassets */ = {isa = PBXFileReference; lastKnownFileType = folder.assetcatalog; path = Assets.xcassets; sourceTree = "<group>"; };
		7F29585B2C70DF1C00DB0FA7 /* TaskMaster.entitlements */ = {isa = PBXFileReference; lastKnownFileType = text.plist.entitlements; path = TaskMaster.entitlements; sourceTree = "<group>"; };
		7F29585D2C70DF1C00DB0FA7 /* Preview Assets.xcassets */ = {isa = PBXFileReference; lastKnownFileType = folder.assetcatalog; path = "Preview Assets.xcassets"; sourceTree = "<group>"; };
		7F2958632C70DF1C00DB0FA7 /* TaskMasterTests.xctest */ = {isa = PBXFileReference; explicitFileType = wrapper.cfbundle; includeInIndex = 0; path = TaskMasterTests.xctest; sourceTree = BUILT_PRODUCTS_DIR; };
		7F2958672C70DF1C00DB0FA7 /* TaskMasterTests.swift */ = {isa = PBXFileReference; lastKnownFileType = sourcecode.swift; path = TaskMasterTests.swift; sourceTree = "<group>"; };
		7F29586D2C70DF1C00DB0FA7 /* TaskMasterUITests.xctest */ = {isa = PBXFileReference; explicitFileType = wrapper.cfbundle; includeInIndex = 0; path = TaskMasterUITests.xctest; sourceTree = BUILT_PRODUCTS_DIR; };
		7F2958712C70DF1C00DB0FA7 /* TaskMasterUITests.swift */ = {isa = PBXFileReference; lastKnownFileType = sourcecode.swift; path = TaskMasterUITests.swift; sourceTree = "<group>"; };
		7F2958732C70DF1C00DB0FA7 /* TaskMasterUITestsLaunchTests.swift */ = {isa = PBXFileReference; lastKnownFileType = sourcecode.swift; path = TaskMasterUITestsLaunchTests.swift; sourceTree = "<group>"; };
		7F3FB2182C87E50100A6ED0C /* TabBar.swift */ = {isa = PBXFileReference; lastKnownFileType = sourcecode.swift; path = TabBar.swift; sourceTree = "<group>"; };
		7F3FB21A2C8A17AE00A6ED0C /* Header.swift */ = {isa = PBXFileReference; lastKnownFileType = sourcecode.swift; path = Header.swift; sourceTree = "<group>"; };
/* End PBXFileReference section */

/* Begin PBXFrameworksBuildPhase section */
		7F29584F2C70DF1B00DB0FA7 /* Frameworks */ = {
			isa = PBXFrameworksBuildPhase;
			buildActionMask = 2147483647;
			files = (
			);
			runOnlyForDeploymentPostprocessing = 0;
		};
		7F2958602C70DF1C00DB0FA7 /* Frameworks */ = {
			isa = PBXFrameworksBuildPhase;
			buildActionMask = 2147483647;
			files = (
			);
			runOnlyForDeploymentPostprocessing = 0;
		};
		7F29586A2C70DF1C00DB0FA7 /* Frameworks */ = {
			isa = PBXFrameworksBuildPhase;
			buildActionMask = 2147483647;
			files = (
			);
			runOnlyForDeploymentPostprocessing = 0;
		};
/* End PBXFrameworksBuildPhase section */

/* Begin PBXGroup section */
		7F03D4D02C87E10600352A1A /* Views */ = {
			isa = PBXGroup;
			children = (
				7F2707402C8A862200AD0F03 /* ProfileView */,
				7F27073F2C8A861200AD0F03 /* ProgressView */,
				7F27073E2C8A860900AD0F03 /* StressCheckView */,
				7F2707392C8A292E00AD0F03 /* TasksView */,
				7F3FB2152C87E4CE00A6ED0C /* Tab Bar */,
				7F2958572C70DF1B00DB0FA7 /* ContentView.swift */,
				7F2958552C70DF1B00DB0FA7 /* TaskMasterApp.swift */,
				7F3FB21A2C8A17AE00A6ED0C /* Header.swift */,
			);
			path = Views;
			sourceTree = "<group>";
		};
		7F2707392C8A292E00AD0F03 /* TasksView */ = {
			isa = PBXGroup;
			children = (
				7F27073A2C8A294A00AD0F03 /* TasksView.swift */,
				7F27073C2C8A297000AD0F03 /* TasksHeader.swift */,
				7F27074B2C8D606300AD0F03 /* AddTaskButton.swift */,
			);
			path = TasksView;
			sourceTree = "<group>";
		};
		7F27073E2C8A860900AD0F03 /* StressCheckView */ = {
			isa = PBXGroup;
			children = (
				7F27074D2C8D627C00AD0F03 /* StressCheckView.swift */,
			);
			path = StressCheckView;
			sourceTree = "<group>";
		};
		7F27073F2C8A861200AD0F03 /* ProgressView */ = {
			isa = PBXGroup;
			children = (
				7F2707432C8A867500AD0F03 /* ProgressView.swift */,
			);
			path = ProgressView;
			sourceTree = "<group>";
		};
		7F2707402C8A862200AD0F03 /* ProfileView */ = {
			isa = PBXGroup;
			children = (
				7F2707452C8A868D00AD0F03 /* ProfileView.swift */,
			);
			path = ProfileView;
			sourceTree = "<group>";
		};
		7F2958492C70DF1B00DB0FA7 = {
			isa = PBXGroup;
			children = (
				7F2958542C70DF1B00DB0FA7 /* TaskMaster */,
				7F2958662C70DF1C00DB0FA7 /* TaskMasterTests */,
				7F2958702C70DF1C00DB0FA7 /* TaskMasterUITests */,
				7F2958532C70DF1B00DB0FA7 /* Products */,
			);
			sourceTree = "<group>";
		};
		7F2958532C70DF1B00DB0FA7 /* Products */ = {
			isa = PBXGroup;
			children = (
				7F2958522C70DF1B00DB0FA7 /* TaskMaster.app */,
				7F2958632C70DF1C00DB0FA7 /* TaskMasterTests.xctest */,
				7F29586D2C70DF1C00DB0FA7 /* TaskMasterUITests.xctest */,
			);
			name = Products;
			sourceTree = "<group>";
		};
		7F2958542C70DF1B00DB0FA7 /* TaskMaster */ = {
			isa = PBXGroup;
			children = (
				7F03D4D02C87E10600352A1A /* Views */,
				7F2958592C70DF1C00DB0FA7 /* Assets.xcassets */,
				7F29585B2C70DF1C00DB0FA7 /* TaskMaster.entitlements */,
				7F29585C2C70DF1C00DB0FA7 /* Preview Content */,
			);
			path = TaskMaster;
			sourceTree = "<group>";
		};
		7F29585C2C70DF1C00DB0FA7 /* Preview Content */ = {
			isa = PBXGroup;
			children = (
				7F29585D2C70DF1C00DB0FA7 /* Preview Assets.xcassets */,
			);
			path = "Preview Content";
			sourceTree = "<group>";
		};
		7F2958662C70DF1C00DB0FA7 /* TaskMasterTests */ = {
			isa = PBXGroup;
			children = (
				7F2958672C70DF1C00DB0FA7 /* TaskMasterTests.swift */,
			);
			path = TaskMasterTests;
			sourceTree = "<group>";
		};
		7F2958702C70DF1C00DB0FA7 /* TaskMasterUITests */ = {
			isa = PBXGroup;
			children = (
				7F2958712C70DF1C00DB0FA7 /* TaskMasterUITests.swift */,
				7F2958732C70DF1C00DB0FA7 /* TaskMasterUITestsLaunchTests.swift */,
			);
			path = TaskMasterUITests;
			sourceTree = "<group>";
		};
		7F3FB2152C87E4CE00A6ED0C /* Tab Bar */ = {
			isa = PBXGroup;
			children = (
				7F3FB2182C87E50100A6ED0C /* TabBar.swift */,
			);
			path = "Tab Bar";
			sourceTree = "<group>";
		};
/* End PBXGroup section */

/* Begin PBXNativeTarget section */
		7F2958512C70DF1B00DB0FA7 /* TaskMaster */ = {
			isa = PBXNativeTarget;
			buildConfigurationList = 7F2958772C70DF1C00DB0FA7 /* Build configuration list for PBXNativeTarget "TaskMaster" */;
			buildPhases = (
				7F29584E2C70DF1B00DB0FA7 /* Sources */,
				7F29584F2C70DF1B00DB0FA7 /* Frameworks */,
				7F2958502C70DF1B00DB0FA7 /* Resources */,
			);
			buildRules = (
			);
			dependencies = (
			);
			name = TaskMaster;
			productName = TaskMaster;
			productReference = 7F2958522C70DF1B00DB0FA7 /* TaskMaster.app */;
			productType = "com.apple.product-type.application";
		};
		7F2958622C70DF1C00DB0FA7 /* TaskMasterTests */ = {
			isa = PBXNativeTarget;
			buildConfigurationList = 7F29587A2C70DF1C00DB0FA7 /* Build configuration list for PBXNativeTarget "TaskMasterTests" */;
			buildPhases = (
				7F29585F2C70DF1C00DB0FA7 /* Sources */,
				7F2958602C70DF1C00DB0FA7 /* Frameworks */,
				7F2958612C70DF1C00DB0FA7 /* Resources */,
			);
			buildRules = (
			);
			dependencies = (
				7F2958652C70DF1C00DB0FA7 /* PBXTargetDependency */,
			);
			name = TaskMasterTests;
			productName = TaskMasterTests;
			productReference = 7F2958632C70DF1C00DB0FA7 /* TaskMasterTests.xctest */;
			productType = "com.apple.product-type.bundle.unit-test";
		};
		7F29586C2C70DF1C00DB0FA7 /* TaskMasterUITests */ = {
			isa = PBXNativeTarget;
			buildConfigurationList = 7F29587D2C70DF1C00DB0FA7 /* Build configuration list for PBXNativeTarget "TaskMasterUITests" */;
			buildPhases = (
				7F2958692C70DF1C00DB0FA7 /* Sources */,
				7F29586A2C70DF1C00DB0FA7 /* Frameworks */,
				7F29586B2C70DF1C00DB0FA7 /* Resources */,
			);
			buildRules = (
			);
			dependencies = (
				7F29586F2C70DF1C00DB0FA7 /* PBXTargetDependency */,
			);
			name = TaskMasterUITests;
			productName = TaskMasterUITests;
			productReference = 7F29586D2C70DF1C00DB0FA7 /* TaskMasterUITests.xctest */;
			productType = "com.apple.product-type.bundle.ui-testing";
		};
/* End PBXNativeTarget section */

/* Begin PBXProject section */
		7F29584A2C70DF1B00DB0FA7 /* Project object */ = {
			isa = PBXProject;
			attributes = {
				BuildIndependentTargetsInParallel = 1;
				LastSwiftUpdateCheck = 1540;
				LastUpgradeCheck = 1540;
				TargetAttributes = {
					7F2958512C70DF1B00DB0FA7 = {
						CreatedOnToolsVersion = 15.4;
					};
					7F2958622C70DF1C00DB0FA7 = {
						CreatedOnToolsVersion = 15.4;
						TestTargetID = 7F2958512C70DF1B00DB0FA7;
					};
					7F29586C2C70DF1C00DB0FA7 = {
						CreatedOnToolsVersion = 15.4;
						TestTargetID = 7F2958512C70DF1B00DB0FA7;
					};
				};
			};
			buildConfigurationList = 7F29584D2C70DF1B00DB0FA7 /* Build configuration list for PBXProject "TaskMaster" */;
			compatibilityVersion = "Xcode 14.0";
			developmentRegion = en;
			hasScannedForEncodings = 0;
			knownRegions = (
				en,
				Base,
			);
			mainGroup = 7F2958492C70DF1B00DB0FA7;
			productRefGroup = 7F2958532C70DF1B00DB0FA7 /* Products */;
			projectDirPath = "";
			projectRoot = "";
			targets = (
				7F2958512C70DF1B00DB0FA7 /* TaskMaster */,
				7F2958622C70DF1C00DB0FA7 /* TaskMasterTests */,
				7F29586C2C70DF1C00DB0FA7 /* TaskMasterUITests */,
			);
		};
/* End PBXProject section */

/* Begin PBXResourcesBuildPhase section */
		7F2958502C70DF1B00DB0FA7 /* Resources */ = {
			isa = PBXResourcesBuildPhase;
			buildActionMask = 2147483647;
			files = (
				7F29585E2C70DF1C00DB0FA7 /* Preview Assets.xcassets in Resources */,
				7F29585A2C70DF1C00DB0FA7 /* Assets.xcassets in Resources */,
			);
			runOnlyForDeploymentPostprocessing = 0;
		};
		7F2958612C70DF1C00DB0FA7 /* Resources */ = {
			isa = PBXResourcesBuildPhase;
			buildActionMask = 2147483647;
			files = (
			);
			runOnlyForDeploymentPostprocessing = 0;
		};
		7F29586B2C70DF1C00DB0FA7 /* Resources */ = {
			isa = PBXResourcesBuildPhase;
			buildActionMask = 2147483647;
			files = (
			);
			runOnlyForDeploymentPostprocessing = 0;
		};
/* End PBXResourcesBuildPhase section */

/* Begin PBXSourcesBuildPhase section */
		7F29584E2C70DF1B00DB0FA7 /* Sources */ = {
			isa = PBXSourcesBuildPhase;
			buildActionMask = 2147483647;
			files = (
				7F3FB21B2C8A17AE00A6ED0C /* Header.swift in Sources */,
				7F27074E2C8D627C00AD0F03 /* StressCheckView.swift in Sources */,
				7F2707462C8A868D00AD0F03 /* ProfileView.swift in Sources */,
				7F27073D2C8A297000AD0F03 /* TasksHeader.swift in Sources */,
				7F27074C2C8D606300AD0F03 /* AddTaskButton.swift in Sources */,
				7F3FB2192C87E50100A6ED0C /* TabBar.swift in Sources */,
				7F2958582C70DF1B00DB0FA7 /* ContentView.swift in Sources */,
				7F2707442C8A867500AD0F03 /* ProgressView.swift in Sources */,
				7F2958562C70DF1B00DB0FA7 /* TaskMasterApp.swift in Sources */,
				7F27073B2C8A294A00AD0F03 /* TasksView.swift in Sources */,
			);
			runOnlyForDeploymentPostprocessing = 0;
		};
		7F29585F2C70DF1C00DB0FA7 /* Sources */ = {
			isa = PBXSourcesBuildPhase;
			buildActionMask = 2147483647;
			files = (
				7F2958682C70DF1C00DB0FA7 /* TaskMasterTests.swift in Sources */,
			);
			runOnlyForDeploymentPostprocessing = 0;
		};
		7F2958692C70DF1C00DB0FA7 /* Sources */ = {
			isa = PBXSourcesBuildPhase;
			buildActionMask = 2147483647;
			files = (
				7F2958722C70DF1C00DB0FA7 /* TaskMasterUITests.swift in Sources */,
				7F2958742C70DF1C00DB0FA7 /* TaskMasterUITestsLaunchTests.swift in Sources */,
			);
			runOnlyForDeploymentPostprocessing = 0;
		};
/* End PBXSourcesBuildPhase section */

/* Begin PBXTargetDependency section */
		7F2958652C70DF1C00DB0FA7 /* PBXTargetDependency */ = {
			isa = PBXTargetDependency;
			target = 7F2958512C70DF1B00DB0FA7 /* TaskMaster */;
			targetProxy = 7F2958642C70DF1C00DB0FA7 /* PBXContainerItemProxy */;
		};
		7F29586F2C70DF1C00DB0FA7 /* PBXTargetDependency */ = {
			isa = PBXTargetDependency;
			target = 7F2958512C70DF1B00DB0FA7 /* TaskMaster */;
			targetProxy = 7F29586E2C70DF1C00DB0FA7 /* PBXContainerItemProxy */;
		};
/* End PBXTargetDependency section */

/* Begin XCBuildConfiguration section */
		7F2958752C70DF1C00DB0FA7 /* Debug */ = {
			isa = XCBuildConfiguration;
			buildSettings = {
				ALWAYS_SEARCH_USER_PATHS = NO;
				ASSETCATALOG_COMPILER_GENERATE_SWIFT_ASSET_SYMBOL_EXTENSIONS = YES;
				CLANG_ANALYZER_NONNULL = YES;
				CLANG_ANALYZER_NUMBER_OBJECT_CONVERSION = YES_AGGRESSIVE;
				CLANG_CXX_LANGUAGE_STANDARD = "gnu++20";
				CLANG_ENABLE_MODULES = YES;
				CLANG_ENABLE_OBJC_ARC = YES;
				CLANG_ENABLE_OBJC_WEAK = YES;
				CLANG_WARN_BLOCK_CAPTURE_AUTORELEASING = YES;
				CLANG_WARN_BOOL_CONVERSION = YES;
				CLANG_WARN_COMMA = YES;
				CLANG_WARN_CONSTANT_CONVERSION = YES;
				CLANG_WARN_DEPRECATED_OBJC_IMPLEMENTATIONS = YES;
				CLANG_WARN_DIRECT_OBJC_ISA_USAGE = YES_ERROR;
				CLANG_WARN_DOCUMENTATION_COMMENTS = YES;
				CLANG_WARN_EMPTY_BODY = YES;
				CLANG_WARN_ENUM_CONVERSION = YES;
				CLANG_WARN_INFINITE_RECURSION = YES;
				CLANG_WARN_INT_CONVERSION = YES;
				CLANG_WARN_NON_LITERAL_NULL_CONVERSION = YES;
				CLANG_WARN_OBJC_IMPLICIT_RETAIN_SELF = YES;
				CLANG_WARN_OBJC_LITERAL_CONVERSION = YES;
				CLANG_WARN_OBJC_ROOT_CLASS = YES_ERROR;
				CLANG_WARN_QUOTED_INCLUDE_IN_FRAMEWORK_HEADER = YES;
				CLANG_WARN_RANGE_LOOP_ANALYSIS = YES;
				CLANG_WARN_STRICT_PROTOTYPES = YES;
				CLANG_WARN_SUSPICIOUS_MOVE = YES;
				CLANG_WARN_UNGUARDED_AVAILABILITY = YES_AGGRESSIVE;
				CLANG_WARN_UNREACHABLE_CODE = YES;
				CLANG_WARN__DUPLICATE_METHOD_MATCH = YES;
				COPY_PHASE_STRIP = NO;
				DEBUG_INFORMATION_FORMAT = dwarf;
				ENABLE_STRICT_OBJC_MSGSEND = YES;
				ENABLE_TESTABILITY = YES;
				ENABLE_USER_SCRIPT_SANDBOXING = YES;
				GCC_C_LANGUAGE_STANDARD = gnu17;
				GCC_DYNAMIC_NO_PIC = NO;
				GCC_NO_COMMON_BLOCKS = YES;
				GCC_OPTIMIZATION_LEVEL = 0;
				GCC_PREPROCESSOR_DEFINITIONS = (
					"DEBUG=1",
					"$(inherited)",
				);
				GCC_WARN_64_TO_32_BIT_CONVERSION = YES;
				GCC_WARN_ABOUT_RETURN_TYPE = YES_ERROR;
				GCC_WARN_UNDECLARED_SELECTOR = YES;
				GCC_WARN_UNINITIALIZED_AUTOS = YES_AGGRESSIVE;
				GCC_WARN_UNUSED_FUNCTION = YES;
				GCC_WARN_UNUSED_VARIABLE = YES;
				LOCALIZATION_PREFERS_STRING_CATALOGS = YES;
				MTL_ENABLE_DEBUG_INFO = INCLUDE_SOURCE;
				MTL_FAST_MATH = YES;
				ONLY_ACTIVE_ARCH = YES;
				SWIFT_ACTIVE_COMPILATION_CONDITIONS = "DEBUG $(inherited)";
				SWIFT_OPTIMIZATION_LEVEL = "-Onone";
			};
			name = Debug;
		};
		7F2958762C70DF1C00DB0FA7 /* Release */ = {
			isa = XCBuildConfiguration;
			buildSettings = {
				ALWAYS_SEARCH_USER_PATHS = NO;
				ASSETCATALOG_COMPILER_GENERATE_SWIFT_ASSET_SYMBOL_EXTENSIONS = YES;
				CLANG_ANALYZER_NONNULL = YES;
				CLANG_ANALYZER_NUMBER_OBJECT_CONVERSION = YES_AGGRESSIVE;
				CLANG_CXX_LANGUAGE_STANDARD = "gnu++20";
				CLANG_ENABLE_MODULES = YES;
				CLANG_ENABLE_OBJC_ARC = YES;
				CLANG_ENABLE_OBJC_WEAK = YES;
				CLANG_WARN_BLOCK_CAPTURE_AUTORELEASING = YES;
				CLANG_WARN_BOOL_CONVERSION = YES;
				CLANG_WARN_COMMA = YES;
				CLANG_WARN_CONSTANT_CONVERSION = YES;
				CLANG_WARN_DEPRECATED_OBJC_IMPLEMENTATIONS = YES;
				CLANG_WARN_DIRECT_OBJC_ISA_USAGE = YES_ERROR;
				CLANG_WARN_DOCUMENTATION_COMMENTS = YES;
				CLANG_WARN_EMPTY_BODY = YES;
				CLANG_WARN_ENUM_CONVERSION = YES;
				CLANG_WARN_INFINITE_RECURSION = YES;
				CLANG_WARN_INT_CONVERSION = YES;
				CLANG_WARN_NON_LITERAL_NULL_CONVERSION = YES;
				CLANG_WARN_OBJC_IMPLICIT_RETAIN_SELF = YES;
				CLANG_WARN_OBJC_LITERAL_CONVERSION = YES;
				CLANG_WARN_OBJC_ROOT_CLASS = YES_ERROR;
				CLANG_WARN_QUOTED_INCLUDE_IN_FRAMEWORK_HEADER = YES;
				CLANG_WARN_RANGE_LOOP_ANALYSIS = YES;
				CLANG_WARN_STRICT_PROTOTYPES = YES;
				CLANG_WARN_SUSPICIOUS_MOVE = YES;
				CLANG_WARN_UNGUARDED_AVAILABILITY = YES_AGGRESSIVE;
				CLANG_WARN_UNREACHABLE_CODE = YES;
				CLANG_WARN__DUPLICATE_METHOD_MATCH = YES;
				COPY_PHASE_STRIP = NO;
				DEBUG_INFORMATION_FORMAT = "dwarf-with-dsym";
				ENABLE_NS_ASSERTIONS = NO;
				ENABLE_STRICT_OBJC_MSGSEND = YES;
				ENABLE_USER_SCRIPT_SANDBOXING = YES;
				GCC_C_LANGUAGE_STANDARD = gnu17;
				GCC_NO_COMMON_BLOCKS = YES;
				GCC_WARN_64_TO_32_BIT_CONVERSION = YES;
				GCC_WARN_ABOUT_RETURN_TYPE = YES_ERROR;
				GCC_WARN_UNDECLARED_SELECTOR = YES;
				GCC_WARN_UNINITIALIZED_AUTOS = YES_AGGRESSIVE;
				GCC_WARN_UNUSED_FUNCTION = YES;
				GCC_WARN_UNUSED_VARIABLE = YES;
				LOCALIZATION_PREFERS_STRING_CATALOGS = YES;
				MTL_ENABLE_DEBUG_INFO = NO;
				MTL_FAST_MATH = YES;
				SWIFT_COMPILATION_MODE = wholemodule;
			};
			name = Release;
		};
		7F2958782C70DF1C00DB0FA7 /* Debug */ = {
			isa = XCBuildConfiguration;
			buildSettings = {
				ASSETCATALOG_COMPILER_APPICON_NAME = AppIcon;
				ASSETCATALOG_COMPILER_GLOBAL_ACCENT_COLOR_NAME = AccentColor;
				CODE_SIGN_ENTITLEMENTS = TaskMaster/TaskMaster.entitlements;
				CODE_SIGN_STYLE = Automatic;
				CURRENT_PROJECT_VERSION = 1;
				DEVELOPMENT_ASSET_PATHS = "\"TaskMaster/Preview Content\"";
				ENABLE_PREVIEWS = YES;
				GENERATE_INFOPLIST_FILE = YES;
				"INFOPLIST_KEY_UIApplicationSceneManifest_Generation[sdk=iphoneos*]" = YES;
				"INFOPLIST_KEY_UIApplicationSceneManifest_Generation[sdk=iphonesimulator*]" = YES;
				"INFOPLIST_KEY_UIApplicationSupportsIndirectInputEvents[sdk=iphoneos*]" = YES;
				"INFOPLIST_KEY_UIApplicationSupportsIndirectInputEvents[sdk=iphonesimulator*]" = YES;
				"INFOPLIST_KEY_UILaunchScreen_Generation[sdk=iphoneos*]" = YES;
				"INFOPLIST_KEY_UILaunchScreen_Generation[sdk=iphonesimulator*]" = YES;
				"INFOPLIST_KEY_UIStatusBarStyle[sdk=iphoneos*]" = UIStatusBarStyleDefault;
				"INFOPLIST_KEY_UIStatusBarStyle[sdk=iphonesimulator*]" = UIStatusBarStyleDefault;
				INFOPLIST_KEY_UISupportedInterfaceOrientations_iPad = "UIInterfaceOrientationPortrait UIInterfaceOrientationPortraitUpsideDown UIInterfaceOrientationLandscapeLeft UIInterfaceOrientationLandscapeRight";
				INFOPLIST_KEY_UISupportedInterfaceOrientations_iPhone = "UIInterfaceOrientationPortrait UIInterfaceOrientationLandscapeLeft UIInterfaceOrientationLandscapeRight";
				IPHONEOS_DEPLOYMENT_TARGET = 17.5;
				LD_RUNPATH_SEARCH_PATHS = "@executable_path/Frameworks";
				"LD_RUNPATH_SEARCH_PATHS[sdk=macosx*]" = "@executable_path/../Frameworks";
				MACOSX_DEPLOYMENT_TARGET = 14.5;
				MARKETING_VERSION = 1.0;
				PRODUCT_BUNDLE_IDENTIFIER = com.jaredwilsont.TaskMaster;
				PRODUCT_NAME = "$(TARGET_NAME)";
				SDKROOT = auto;
				SUPPORTED_PLATFORMS = "iphoneos iphonesimulator";
				SUPPORTS_MACCATALYST = NO;
				SWIFT_EMIT_LOC_STRINGS = YES;
				SWIFT_VERSION = 5.0;
				TARGETED_DEVICE_FAMILY = "1,2";
			};
			name = Debug;
		};
		7F2958792C70DF1C00DB0FA7 /* Release */ = {
			isa = XCBuildConfiguration;
			buildSettings = {
				ASSETCATALOG_COMPILER_APPICON_NAME = AppIcon;
				ASSETCATALOG_COMPILER_GLOBAL_ACCENT_COLOR_NAME = AccentColor;
				CODE_SIGN_ENTITLEMENTS = TaskMaster/TaskMaster.entitlements;
				CODE_SIGN_STYLE = Automatic;
				CURRENT_PROJECT_VERSION = 1;
				DEVELOPMENT_ASSET_PATHS = "\"TaskMaster/Preview Content\"";
				ENABLE_PREVIEWS = YES;
				GENERATE_INFOPLIST_FILE = YES;
				"INFOPLIST_KEY_UIApplicationSceneManifest_Generation[sdk=iphoneos*]" = YES;
				"INFOPLIST_KEY_UIApplicationSceneManifest_Generation[sdk=iphonesimulator*]" = YES;
				"INFOPLIST_KEY_UIApplicationSupportsIndirectInputEvents[sdk=iphoneos*]" = YES;
				"INFOPLIST_KEY_UIApplicationSupportsIndirectInputEvents[sdk=iphonesimulator*]" = YES;
				"INFOPLIST_KEY_UILaunchScreen_Generation[sdk=iphoneos*]" = YES;
				"INFOPLIST_KEY_UILaunchScreen_Generation[sdk=iphonesimulator*]" = YES;
				"INFOPLIST_KEY_UIStatusBarStyle[sdk=iphoneos*]" = UIStatusBarStyleDefault;
				"INFOPLIST_KEY_UIStatusBarStyle[sdk=iphonesimulator*]" = UIStatusBarStyleDefault;
				INFOPLIST_KEY_UISupportedInterfaceOrientations_iPad = "UIInterfaceOrientationPortrait UIInterfaceOrientationPortraitUpsideDown UIInterfaceOrientationLandscapeLeft UIInterfaceOrientationLandscapeRight";
				INFOPLIST_KEY_UISupportedInterfaceOrientations_iPhone = "UIInterfaceOrientationPortrait UIInterfaceOrientationLandscapeLeft UIInterfaceOrientationLandscapeRight";
				IPHONEOS_DEPLOYMENT_TARGET = 17.5;
				LD_RUNPATH_SEARCH_PATHS = "@executable_path/Frameworks";
				"LD_RUNPATH_SEARCH_PATHS[sdk=macosx*]" = "@executable_path/../Frameworks";
				MACOSX_DEPLOYMENT_TARGET = 14.5;
				MARKETING_VERSION = 1.0;
				PRODUCT_BUNDLE_IDENTIFIER = com.jaredwilsont.TaskMaster;
				PRODUCT_NAME = "$(TARGET_NAME)";
				SDKROOT = auto;
				SUPPORTED_PLATFORMS = "iphoneos iphonesimulator";
				SUPPORTS_MACCATALYST = NO;
				SWIFT_EMIT_LOC_STRINGS = YES;
				SWIFT_VERSION = 5.0;
				TARGETED_DEVICE_FAMILY = "1,2";
			};
			name = Release;
		};
		7F29587B2C70DF1C00DB0FA7 /* Debug */ = {
			isa = XCBuildConfiguration;
			buildSettings = {
				ALWAYS_EMBED_SWIFT_STANDARD_LIBRARIES = YES;
				BUNDLE_LOADER = "$(TEST_HOST)";
				CODE_SIGN_STYLE = Automatic;
				CURRENT_PROJECT_VERSION = 1;
				GENERATE_INFOPLIST_FILE = YES;
				IPHONEOS_DEPLOYMENT_TARGET = 17.5;
				MACOSX_DEPLOYMENT_TARGET = 14.5;
				MARKETING_VERSION = 1.0;
				PRODUCT_BUNDLE_IDENTIFIER = com.jaredwilsont.TaskMasterTests;
				PRODUCT_NAME = "$(TARGET_NAME)";
				SDKROOT = auto;
				SUPPORTED_PLATFORMS = "iphoneos iphonesimulator macosx";
				SWIFT_EMIT_LOC_STRINGS = NO;
				SWIFT_VERSION = 5.0;
				TARGETED_DEVICE_FAMILY = "1,2";
				TEST_HOST = "$(BUILT_PRODUCTS_DIR)/TaskMaster.app/$(BUNDLE_EXECUTABLE_FOLDER_PATH)/TaskMaster";
			};
			name = Debug;
		};
		7F29587C2C70DF1C00DB0FA7 /* Release */ = {
			isa = XCBuildConfiguration;
			buildSettings = {
				ALWAYS_EMBED_SWIFT_STANDARD_LIBRARIES = YES;
				BUNDLE_LOADER = "$(TEST_HOST)";
				CODE_SIGN_STYLE = Automatic;
				CURRENT_PROJECT_VERSION = 1;
				GENERATE_INFOPLIST_FILE = YES;
				IPHONEOS_DEPLOYMENT_TARGET = 17.5;
				MACOSX_DEPLOYMENT_TARGET = 14.5;
				MARKETING_VERSION = 1.0;
				PRODUCT_BUNDLE_IDENTIFIER = com.jaredwilsont.TaskMasterTests;
				PRODUCT_NAME = "$(TARGET_NAME)";
				SDKROOT = auto;
				SUPPORTED_PLATFORMS = "iphoneos iphonesimulator macosx";
				SWIFT_EMIT_LOC_STRINGS = NO;
				SWIFT_VERSION = 5.0;
				TARGETED_DEVICE_FAMILY = "1,2";
				TEST_HOST = "$(BUILT_PRODUCTS_DIR)/TaskMaster.app/$(BUNDLE_EXECUTABLE_FOLDER_PATH)/TaskMaster";
			};
			name = Release;
		};
		7F29587E2C70DF1C00DB0FA7 /* Debug */ = {
			isa = XCBuildConfiguration;
			buildSettings = {
				ALWAYS_EMBED_SWIFT_STANDARD_LIBRARIES = YES;
				CODE_SIGN_STYLE = Automatic;
				CURRENT_PROJECT_VERSION = 1;
				GENERATE_INFOPLIST_FILE = YES;
				IPHONEOS_DEPLOYMENT_TARGET = 17.5;
				MACOSX_DEPLOYMENT_TARGET = 14.5;
				MARKETING_VERSION = 1.0;
				PRODUCT_BUNDLE_IDENTIFIER = com.jaredwilsont.TaskMasterUITests;
				PRODUCT_NAME = "$(TARGET_NAME)";
				SDKROOT = auto;
				SUPPORTED_PLATFORMS = "iphoneos iphonesimulator macosx";
				SWIFT_EMIT_LOC_STRINGS = NO;
				SWIFT_VERSION = 5.0;
				TARGETED_DEVICE_FAMILY = "1,2";
				TEST_TARGET_NAME = TaskMaster;
			};
			name = Debug;
		};
		7F29587F2C70DF1C00DB0FA7 /* Release */ = {
			isa = XCBuildConfiguration;
			buildSettings = {
				ALWAYS_EMBED_SWIFT_STANDARD_LIBRARIES = YES;
				CODE_SIGN_STYLE = Automatic;
				CURRENT_PROJECT_VERSION = 1;
				GENERATE_INFOPLIST_FILE = YES;
				IPHONEOS_DEPLOYMENT_TARGET = 17.5;
				MACOSX_DEPLOYMENT_TARGET = 14.5;
				MARKETING_VERSION = 1.0;
				PRODUCT_BUNDLE_IDENTIFIER = com.jaredwilsont.TaskMasterUITests;
				PRODUCT_NAME = "$(TARGET_NAME)";
				SDKROOT = auto;
				SUPPORTED_PLATFORMS = "iphoneos iphonesimulator macosx";
				SWIFT_EMIT_LOC_STRINGS = NO;
				SWIFT_VERSION = 5.0;
				TARGETED_DEVICE_FAMILY = "1,2";
				TEST_TARGET_NAME = TaskMaster;
			};
			name = Release;
		};
/* End XCBuildConfiguration section */

/* Begin XCConfigurationList section */
		7F29584D2C70DF1B00DB0FA7 /* Build configuration list for PBXProject "TaskMaster" */ = {
			isa = XCConfigurationList;
			buildConfigurations = (
				7F2958752C70DF1C00DB0FA7 /* Debug */,
				7F2958762C70DF1C00DB0FA7 /* Release */,
			);
			defaultConfigurationIsVisible = 0;
			defaultConfigurationName = Release;
		};
		7F2958772C70DF1C00DB0FA7 /* Build configuration list for PBXNativeTarget "TaskMaster" */ = {
			isa = XCConfigurationList;
			buildConfigurations = (
				7F2958782C70DF1C00DB0FA7 /* Debug */,
				7F2958792C70DF1C00DB0FA7 /* Release */,
			);
			defaultConfigurationIsVisible = 0;
			defaultConfigurationName = Release;
		};
		7F29587A2C70DF1C00DB0FA7 /* Build configuration list for PBXNativeTarget "TaskMasterTests" */ = {
			isa = XCConfigurationList;
			buildConfigurations = (
				7F29587B2C70DF1C00DB0FA7 /* Debug */,
				7F29587C2C70DF1C00DB0FA7 /* Release */,
			);
			defaultConfigurationIsVisible = 0;
			defaultConfigurationName = Release;
		};
		7F29587D2C70DF1C00DB0FA7 /* Build configuration list for PBXNativeTarget "TaskMasterUITests" */ = {
			isa = XCConfigurationList;
			buildConfigurations = (
				7F29587E2C70DF1C00DB0FA7 /* Debug */,
				7F29587F2C70DF1C00DB0FA7 /* Release */,
			);
			defaultConfigurationIsVisible = 0;
			defaultConfigurationName = Release;
		};
/* End XCConfigurationList section */
	};
	rootObject = 7F29584A2C70DF1B00DB0FA7 /* Project object */;
}
